hash: 4f065286af6709820b97dfa7c5166fbdbd3938179545c02a2b2fcda1ccb7da7e
updated: 2022-02-23T09:58:03.876703-08:00
imports:
- name: github.com/ansel1/merry
  version: 19fac03b26a7fbac650b3400de27355e96565319
- name: github.com/go-errors/errors
  version: a6af135bd4e28680facf08a3d206b454abc877a4
- name: github.com/konsorten/go-windows-terminal-sequences
  version: edb144dfd453055e1e49a3d8b410a660b5a87613
- name: github.com/myhelix/rollbar
  version: 41394a7897169d9f5cd43a6ee6ae82518e30a7f2
- name: github.com/newrelic/go-agent
  version: f5bce3387232559bcbe6a5f8227c4bf508dac1ba
  subpackages:
  - internal
  - internal/cat
  - internal/jsonx
  - internal/logger
  - internal/sysinfo
  - internal/utilization
- name: github.com/sirupsen/logrus
  version: dae0fa8d5b0c810a8ab733fbd5510c7cae84eca4
- name: golang.org/x/crypto
  version: 86341886e2925764dc890ad96c141a1bc76043af
  subpackages:
  - ssh/terminal
- name: golang.org/x/sys
  version: 96fed51e1446b281c21df947901d008675fca442
  subpackages:
  - internal/unsafeheader
  - plan9
  - unix
  - windows
- name: golang.org/x/term
  version: 03fcf44c2211dcd5eb77510b5f7c1fb02d6ded50
testImports:
- name: github.com/hpcloud/tail
  version: a1dbeea552b7c8df4b542c66073e393de198a800
  subpackages:
  - ratelimiter
  - util
  - watch
  - winfile
- name: github.com/onsi/ginkgo
  version: eea6ad008b96acdaa524f5b409513bf062b500ad
  subpackages:
  - config
  - internal/codelocation
  - internal/containernode
  - internal/failer
  - internal/leafnodes
  - internal/remote
  - internal/spec
  - internal/spec_iterator
  - internal/specrunner
  - internal/suite
  - internal/testingtproxy
  - internal/writer
  - reporters
  - reporters/stenographer
  - reporters/stenographer/support/go-colorable
  - reporters/stenographer/support/go-isatty
  - types
- name: github.com/onsi/gomega
  version: f9a52764bd5a0fd2d201bcca584351d03b72f8da
  subpackages:
  - format
  - internal/assertion
  - internal/asyncassertion
  - internal/oraclematcher
  - internal/testingtsupport
  - matchers
  - matchers/support/goraph/bipartitegraph
  - matchers/support/goraph/edge
  - matchers/support/goraph/node
  - matchers/support/goraph/util
  - types
- name: golang.org/x/net
  version: cd36cc0744dd695657988f15f08446dc81e16efc
  subpackages:
  - html
  - html/atom
  - html/charset
- name: golang.org/x/text
  version: d1c84af989ab0f62cd853b5ae33b1b4db4f1e88b
  subpackages:
  - encoding
  - encoding/charmap
  - encoding/htmlindex
  - encoding/internal
  - encoding/internal/identifier
  - encoding/japanese
  - encoding/korean
  - encoding/simplifiedchinese
  - encoding/traditionalchinese
  - encoding/unicode
  - internal/language
  - internal/language/compact
  - internal/tag
  - internal/utf8internal
  - language
  - runes
  - transform
- name: gopkg.in/fsnotify/fsnotify.v1
  version: 466b39d216616549a37ee93c7c47775f6a010790
- name: gopkg.in/tomb.v1
  version: c131134a1947e9afd9cecfe11f4c6dff0732ae58
- name: gopkg.in/yaml.v2
  version: 7649d4548cb53a614db133b2a8ac1f31859dda8c
